
Microsoft Visual Studio Solution File, Format Version 12.00
# Visual Studio Version 16
VisualStudioVersion = 16.0.31112.23
MinimumVisualStudioVersion = 10.0.40219.1
Project("{2150E333-8FDC-42A3-9474-1A3956D46DE8}") = "src", "src", "{9E0AF723-893C-42D1-89AD-81A1FB6243C6}"
EndProject
Project("{2150E333-8FDC-42A3-9474-1A3956D46DE8}") = "Common", "Common", "{8A92C404-B954-4041-860D-F642036B144D}"
EndProject
Project("{2150E333-8FDC-42A3-9474-1A3956D46DE8}") = "Services", "Services", "{F9A05A45-24F1-4759-BE62-F505FE1B8751}"
EndProject
Project("{2150E333-8FDC-42A3-9474-1A3956D46DE8}") = "Clients", "Clients", "{57C42869-FACE-4B63-BBE9-CC4FD511AAEA}"
EndProject
Project("{2150E333-8FDC-42A3-9474-1A3956D46DE8}") = "IdentityProvider", "IdentityProvider", "{FFF58216-2530-4CDE-8ED9-AE168737E51F}"
EndProject
Project("{2150E333-8FDC-42A3-9474-1A3956D46DE8}") = "Catalog", "Catalog", "{C6D16935-5081-432A-B245-8AD06EFC3568}"
EndProject
Project("{9A19103F-16F7-4668-BE54-9A1E7A4F7556}") = "Catalog.API", "src\Services\Catalog\Catalog.API\Catalog.API.csproj", "{B63D71BD-05A3-4302-9812-979160E1EC05}"
EndProject
Project("{2150E333-8FDC-42A3-9474-1A3956D46DE8}") = "BackOffice", "BackOffice", "{F1C3AD9F-1D44-4128-A611-1A92BFFFDA55}"
EndProject
Project("{9A19103F-16F7-4668-BE54-9A1E7A4F7556}") = "BackOffice.Client", "src\Clients\BackOffice.Client\BackOffice.Client.csproj", "{1448E5C5-BED3-4D9A-B2FA-C1EF8627B217}"
EndProject
Project("{2150E333-8FDC-42A3-9474-1A3956D46DE8}") = "FrontOffice", "FrontOffice", "{20F96ADB-F1C4-4113-A895-1F087C0DC206}"
EndProject
Project("{2150E333-8FDC-42A3-9474-1A3956D46DE8}") = "Basket", "Basket", "{6ED5DEC0-C3C4-4996-8508-914658943EA5}"
EndProject
Project("{9A19103F-16F7-4668-BE54-9A1E7A4F7556}") = "Basket.API", "src\Services\Basket\Basket.API\Basket.API.csproj", "{1F292B20-FE98-4197-9305-4A07B9F210CB}"
EndProject
Project("{9A19103F-16F7-4668-BE54-9A1E7A4F7556}") = "Identity", "src\IdentityProvider\Identity\Identity.csproj", "{51901372-3D26-4DA9-A9F5-F18CCF7A4DC6}"
EndProject
Project("{2150E333-8FDC-42A3-9474-1A3956D46DE8}") = "Ordering", "Ordering", "{EDDCF613-278C-4494-BBE3-6C0A6F688711}"
EndProject
Project("{9A19103F-16F7-4668-BE54-9A1E7A4F7556}") = "Ordering.API", "src\Services\Ordering\Ordering.API\Ordering.API.csproj", "{FEA9C75E-4D65-439F-9173-5FB61EF752A9}"
EndProject
Project("{2150E333-8FDC-42A3-9474-1A3956D46DE8}") = "Messaging", "Messaging", "{B5733735-71E2-467C-AEEB-200F3F279C3E}"
EndProject
Project("{FAE04EC0-301F-11D3-BF4B-00C04F79EFBC}") = "Messaging", "src\Common\Messaging\Messaging\Messaging.csproj", "{89867C20-073A-4F82-98CD-E587D3065D50}"
EndProject
Global
	GlobalSection(SolutionConfigurationPlatforms) = preSolution
		Debug|Any CPU = Debug|Any CPU
		Release|Any CPU = Release|Any CPU
	EndGlobalSection
	GlobalSection(ProjectConfigurationPlatforms) = postSolution
		{B63D71BD-05A3-4302-9812-979160E1EC05}.Debug|Any CPU.ActiveCfg = Debug|Any CPU
		{B63D71BD-05A3-4302-9812-979160E1EC05}.Debug|Any CPU.Build.0 = Debug|Any CPU
		{B63D71BD-05A3-4302-9812-979160E1EC05}.Release|Any CPU.ActiveCfg = Release|Any CPU
		{B63D71BD-05A3-4302-9812-979160E1EC05}.Release|Any CPU.Build.0 = Release|Any CPU
		{1448E5C5-BED3-4D9A-B2FA-C1EF8627B217}.Debug|Any CPU.ActiveCfg = Debug|Any CPU
		{1448E5C5-BED3-4D9A-B2FA-C1EF8627B217}.Debug|Any CPU.Build.0 = Debug|Any CPU
		{1448E5C5-BED3-4D9A-B2FA-C1EF8627B217}.Release|Any CPU.ActiveCfg = Release|Any CPU
		{1448E5C5-BED3-4D9A-B2FA-C1EF8627B217}.Release|Any CPU.Build.0 = Release|Any CPU
		{1F292B20-FE98-4197-9305-4A07B9F210CB}.Debug|Any CPU.ActiveCfg = Debug|Any CPU
		{1F292B20-FE98-4197-9305-4A07B9F210CB}.Debug|Any CPU.Build.0 = Debug|Any CPU
		{1F292B20-FE98-4197-9305-4A07B9F210CB}.Release|Any CPU.ActiveCfg = Release|Any CPU
		{1F292B20-FE98-4197-9305-4A07B9F210CB}.Release|Any CPU.Build.0 = Release|Any CPU
		{51901372-3D26-4DA9-A9F5-F18CCF7A4DC6}.Debug|Any CPU.ActiveCfg = Debug|Any CPU
		{51901372-3D26-4DA9-A9F5-F18CCF7A4DC6}.Debug|Any CPU.Build.0 = Debug|Any CPU
		{51901372-3D26-4DA9-A9F5-F18CCF7A4DC6}.Release|Any CPU.ActiveCfg = Release|Any CPU
		{51901372-3D26-4DA9-A9F5-F18CCF7A4DC6}.Release|Any CPU.Build.0 = Release|Any CPU
		{FEA9C75E-4D65-439F-9173-5FB61EF752A9}.Debug|Any CPU.ActiveCfg = Debug|Any CPU
		{FEA9C75E-4D65-439F-9173-5FB61EF752A9}.Debug|Any CPU.Build.0 = Debug|Any CPU
		{FEA9C75E-4D65-439F-9173-5FB61EF752A9}.Release|Any CPU.ActiveCfg = Release|Any CPU
		{FEA9C75E-4D65-439F-9173-5FB61EF752A9}.Release|Any CPU.Build.0 = Release|Any CPU
		{89867C20-073A-4F82-98CD-E587D3065D50}.Debug|Any CPU.ActiveCfg = Debug|Any CPU
		{89867C20-073A-4F82-98CD-E587D3065D50}.Debug|Any CPU.Build.0 = Debug|Any CPU
		{89867C20-073A-4F82-98CD-E587D3065D50}.Release|Any CPU.ActiveCfg = Release|Any CPU
		{89867C20-073A-4F82-98CD-E587D3065D50}.Release|Any CPU.Build.0 = Release|Any CPU
	EndGlobalSection
	GlobalSection(SolutionProperties) = preSolution
		HideSolutionNode = FALSE
	EndGlobalSection
	GlobalSection(NestedProjects) = preSolution
		{8A92C404-B954-4041-860D-F642036B144D} = {9E0AF723-893C-42D1-89AD-81A1FB6243C6}
		{F9A05A45-24F1-4759-BE62-F505FE1B8751} = {9E0AF723-893C-42D1-89AD-81A1FB6243C6}
		{57C42869-FACE-4B63-BBE9-CC4FD511AAEA} = {9E0AF723-893C-42D1-89AD-81A1FB6243C6}
		{FFF58216-2530-4CDE-8ED9-AE168737E51F} = {9E0AF723-893C-42D1-89AD-81A1FB6243C6}
		{C6D16935-5081-432A-B245-8AD06EFC3568} = {F9A05A45-24F1-4759-BE62-F505FE1B8751}
		{B63D71BD-05A3-4302-9812-979160E1EC05} = {C6D16935-5081-432A-B245-8AD06EFC3568}
		{F1C3AD9F-1D44-4128-A611-1A92BFFFDA55} = {20F96ADB-F1C4-4113-A895-1F087C0DC206}
		{1448E5C5-BED3-4D9A-B2FA-C1EF8627B217} = {F1C3AD9F-1D44-4128-A611-1A92BFFFDA55}
		{20F96ADB-F1C4-4113-A895-1F087C0DC206} = {57C42869-FACE-4B63-BBE9-CC4FD511AAEA}
		{6ED5DEC0-C3C4-4996-8508-914658943EA5} = {F9A05A45-24F1-4759-BE62-F505FE1B8751}
		{1F292B20-FE98-4197-9305-4A07B9F210CB} = {6ED5DEC0-C3C4-4996-8508-914658943EA5}
		{51901372-3D26-4DA9-A9F5-F18CCF7A4DC6} = {FFF58216-2530-4CDE-8ED9-AE168737E51F}
		{EDDCF613-278C-4494-BBE3-6C0A6F688711} = {F9A05A45-24F1-4759-BE62-F505FE1B8751}
		{FEA9C75E-4D65-439F-9173-5FB61EF752A9} = {EDDCF613-278C-4494-BBE3-6C0A6F688711}
		{B5733735-71E2-467C-AEEB-200F3F279C3E} = {8A92C404-B954-4041-860D-F642036B144D}
		{89867C20-073A-4F82-98CD-E587D3065D50} = {B5733735-71E2-467C-AEEB-200F3F279C3E}
	EndGlobalSection
	GlobalSection(ExtensibilityGlobals) = postSolution
		SolutionGuid = {4C3D577B-2083-48C0-9593-3F9ED7DB54F9}
	EndGlobalSection
EndGlobal
